
Microsoft Visual Studio Solution File, Format Version 12.00
# Visual Studio Version 16
VisualStudioVersion = 16.0.31025.194
MinimumVisualStudioVersion = 10.0.40219.1
Project("{FAE04EC0-301F-11D3-BF4B-00C04F79EFBC}") = "GuimoSoft.Cache", "src\GuimoSoft.Cache\GuimoSoft.Cache.csproj", "{D64EAA57-3B9F-4E96-A8E3-D61DFE85CDF5}"
EndProject
Project("{FAE04EC0-301F-11D3-BF4B-00C04F79EFBC}") = "GuimoSoft.Cache.Tests", "src\GuimoSoft.Cache.Tests\GuimoSoft.Cache.Tests.csproj", "{F18ABB01-4BF6-4CB7-9388-63F982BA01D0}"
EndProject
Global
	GlobalSection(SolutionConfigurationPlatforms) = preSolution
		Debug|Any CPU = Debug|Any CPU
		Release|Any CPU = Release|Any CPU
	EndGlobalSection
	GlobalSection(ProjectConfigurationPlatforms) = postSolution
		{D64EAA57-3B9F-4E96-A8E3-D61DFE85CDF5}.Debug|Any CPU.ActiveCfg = Debug|Any CPU
		{D64EAA57-3B9F-4E96-A8E3-D61DFE85CDF5}.Debug|Any CPU.Build.0 = Debug|Any CPU
		{D64EAA57-3B9F-4E96-A8E3-D61DFE85CDF5}.Release|Any CPU.ActiveCfg = Release|Any CPU
		{D64EAA57-3B9F-4E96-A8E3-D61DFE85CDF5}.Release|Any CPU.Build.0 = Release|Any CPU
		{F18ABB01-4BF6-4CB7-9388-63F982BA01D0}.Debug|Any CPU.ActiveCfg = Debug|Any CPU
		{F18ABB01-4BF6-4CB7-9388-63F982BA01D0}.Debug|Any CPU.Build.0 = Debug|Any CPU
		{F18ABB01-4BF6-4CB7-9388-63F982BA01D0}.Release|Any CPU.ActiveCfg = Release|Any CPU
		{F18ABB01-4BF6-4CB7-9388-63F982BA01D0}.Release|Any CPU.Build.0 = Release|Any CPU
	EndGlobalSection
	GlobalSection(SolutionProperties) = preSolution
		HideSolutionNode = FALSE
	EndGlobalSection
	GlobalSection(ExtensibilityGlobals) = postSolution
		SolutionGuid = {5DA85D7E-F5EB-4879-843F-8201BFC3D3C0}
	EndGlobalSection
EndGlobal
